
Microsoft Visual Studio Solution File, Format Version 12.00
# Visual Studio Version 17
VisualStudioVersion = 17.1.32228.430
MinimumVisualStudioVersion = 10.0.40219.1
Project("{FAE04EC0-301F-11D3-BF4B-00C04F79EFBC}") = "RasterAlgorithms", "RasterAlgorithms\RasterAlgorithms.csproj", "{34DAE66E-93E7-47C5-B29A-6CFC4F696A2D}"
EndProject
Global
	GlobalSection(SolutionConfigurationPlatforms) = preSolution
		Debug|Any CPU = Debug|Any CPU
		Release|Any CPU = Release|Any CPU
	EndGlobalSection
	GlobalSection(ProjectConfigurationPlatforms) = postSolution
		{34DAE66E-93E7-47C5-B29A-6CFC4F696A2D}.Debug|Any CPU.ActiveCfg = Debug|Any CPU
		{34DAE66E-93E7-47C5-B29A-6CFC4F696A2D}.Debug|Any CPU.Build.0 = Debug|Any CPU
		{34DAE66E-93E7-47C5-B29A-6CFC4F696A2D}.Release|Any CPU.ActiveCfg = Release|Any CPU
		{34DAE66E-93E7-47C5-B29A-6CFC4F696A2D}.Release|Any CPU.Build.0 = Release|Any CPU
	EndGlobalSection
	GlobalSection(SolutionProperties) = preSolution
		HideSolutionNode = FALSE
	EndGlobalSection
	GlobalSection(ExtensibilityGlobals) = postSolution
		SolutionGuid = {8BB93A20-9CED-49B3-B144-53640B8D0CBE}
	EndGlobalSection
EndGlobal
