
Microsoft Visual Studio Solution File, Format Version 12.00
# Visual Studio Version 17
VisualStudioVersion = 17.1.32228.430
MinimumVisualStudioVersion = 10.0.40219.1
Project("{FAE04EC0-301F-11D3-BF4B-00C04F79EFBC}") = "AffineTransformations3D", "AffineTransformations3D\AffineTransformations3D.csproj", "{6555D9CC-3AD3-421D-A879-7648D0870174}"
EndProject
Global
	GlobalSection(SolutionConfigurationPlatforms) = preSolution
		Debug|Any CPU = Debug|Any CPU
		Release|Any CPU = Release|Any CPU
	EndGlobalSection
	GlobalSection(ProjectConfigurationPlatforms) = postSolution
		{6555D9CC-3AD3-421D-A879-7648D0870174}.Debug|Any CPU.ActiveCfg = Debug|Any CPU
		{6555D9CC-3AD3-421D-A879-7648D0870174}.Debug|Any CPU.Build.0 = Debug|Any CPU
		{6555D9CC-3AD3-421D-A879-7648D0870174}.Release|Any CPU.ActiveCfg = Release|Any CPU
		{6555D9CC-3AD3-421D-A879-7648D0870174}.Release|Any CPU.Build.0 = Release|Any CPU
	EndGlobalSection
	GlobalSection(SolutionProperties) = preSolution
		HideSolutionNode = FALSE
	EndGlobalSection
	GlobalSection(ExtensibilityGlobals) = postSolution
		SolutionGuid = {03A8E844-F391-497E-9295-860F4A444CB6}
	EndGlobalSection
EndGlobal
